// !$*UTF8*$!
{
	archiveVersion = 1;
	classes = {
	};
	objectVersion = 50;
	objects = {

/* Begin PBXBuildFile section */
		9F4D549C24ECCFFF008449F9 /* ThirdViewController.swift in Sources */ = {isa = PBXBuildFile; fileRef = 9F4D549B24ECCFFF008449F9 /* ThirdViewController.swift */; };
		9F7BCC6A24EB55E50020961B /* AppDelegate.swift in Sources */ = {isa = PBXBuildFile; fileRef = 9F7BCC6924EB55E50020961B /* AppDelegate.swift */; };
		9F7BCC6C24EB55E50020961B /* SceneDelegate.swift in Sources */ = {isa = PBXBuildFile; fileRef = 9F7BCC6B24EB55E50020961B /* SceneDelegate.swift */; };
		9F7BCC6E24EB55E50020961B /* SecondViewController.swift in Sources */ = {isa = PBXBuildFile; fileRef = 9F7BCC6D24EB55E50020961B /* SecondViewController.swift */; };
		9F7BCC7024EB55E50020961B /* FirstViewController.swift in Sources */ = {isa = PBXBuildFile; fileRef = 9F7BCC6F24EB55E50020961B /* FirstViewController.swift */; };
		9F7BCC7324EB55E50020961B /* Main.storyboard in Resources */ = {isa = PBXBuildFile; fileRef = 9F7BCC7124EB55E50020961B /* Main.storyboard */; };
		9F7BCC7524EB55EA0020961B /* Assets.xcassets in Resources */ = {isa = PBXBuildFile; fileRef = 9F7BCC7424EB55EA0020961B /* Assets.xcassets */; };
		9F7BCC7824EB55EA0020961B /* LaunchScreen.storyboard in Resources */ = {isa = PBXBuildFile; fileRef = 9F7BCC7624EB55EA0020961B /* LaunchScreen.storyboard */; };
		9F7BCC8324EB55EA0020961B /* panAppTests.swift in Sources */ = {isa = PBXBuildFile; fileRef = 9F7BCC8224EB55EA0020961B /* panAppTests.swift */; };
		9F7BCC8E24EB55EB0020961B /* panAppUITests.swift in Sources */ = {isa = PBXBuildFile; fileRef = 9F7BCC8D24EB55EB0020961B /* panAppUITests.swift */; };
/* End PBXBuildFile section */

/* Begin PBXContainerItemProxy section */
		9F7BCC7F24EB55EA0020961B /* PBXContainerItemProxy */ = {
			isa = PBXContainerItemProxy;
			containerPortal = 9F7BCC5E24EB55E50020961B /* Project object */;
			proxyType = 1;
			remoteGlobalIDString = 9F7BCC6524EB55E50020961B;
			remoteInfo = panApp;
		};
		9F7BCC8A24EB55EB0020961B /* PBXContainerItemProxy */ = {
			isa = PBXContainerItemProxy;
			containerPortal = 9F7BCC5E24EB55E50020961B /* Project object */;
			proxyType = 1;
			remoteGlobalIDString = 9F7BCC6524EB55E50020961B;
			remoteInfo = panApp;
		};
/* End PBXContainerItemProxy section */

/* Begin PBXFileReference section */
		9F4D549B24ECCFFF008449F9 /* ThirdViewController.swift */ = {isa = PBXFileReference; lastKnownFileType = sourcecode.swift; path = ThirdViewController.swift; sourceTree = "<group>"; };
		9F7BCC6624EB55E50020961B /* panApp.app */ = {isa = PBXFileReference; explicitFileType = wrapper.application; includeInIndex = 0; path = panApp.app; sourceTree = BUILT_PRODUCTS_DIR; };
		9F7BCC6924EB55E50020961B /* AppDelegate.swift */ = {isa = PBXFileReference; lastKnownFileType = sourcecode.swift; path = AppDelegate.swift; sourceTree = "<group>"; };
		9F7BCC6B24EB55E50020961B /* SceneDelegate.swift */ = {isa = PBXFileReference; lastKnownFileType = sourcecode.swift; path = SceneDelegate.swift; sourceTree = "<group>"; };
		9F7BCC6D24EB55E50020961B /* SecondViewController.swift */ = {isa = PBXFileReference; lastKnownFileType = sourcecode.swift; path = SecondViewController.swift; sourceTree = "<group>"; };
		9F7BCC6F24EB55E50020961B /* FirstViewController.swift */ = {isa = PBXFileReference; lastKnownFileType = sourcecode.swift; path = FirstViewController.swift; sourceTree = "<group>"; };
		9F7BCC7224EB55E50020961B /* Base */ = {isa = PBXFileReference; lastKnownFileType = file.storyboard; name = Base; path = Base.lproj/Main.storyboard; sourceTree = "<group>"; };
		9F7BCC7424EB55EA0020961B /* Assets.xcassets */ = {isa = PBXFileReference; lastKnownFileType = folder.assetcatalog; path = Assets.xcassets; sourceTree = "<group>"; };
		9F7BCC7724EB55EA0020961B /* Base */ = {isa = PBXFileReference; lastKnownFileType = file.storyboard; name = Base; path = Base.lproj/LaunchScreen.storyboard; sourceTree = "<group>"; };
		9F7BCC7924EB55EA0020961B /* Info.plist */ = {isa = PBXFileReference; lastKnownFileType = text.plist.xml; path = Info.plist; sourceTree = "<group>"; };
		9F7BCC7E24EB55EA0020961B /* panAppTests.xctest */ = {isa = PBXFileReference; explicitFileType = wrapper.cfbundle; includeInIndex = 0; path = panAppTests.xctest; sourceTree = BUILT_PRODUCTS_DIR; };
		9F7BCC8224EB55EA0020961B /* panAppTests.swift */ = {isa = PBXFileReference; lastKnownFileType = sourcecode.swift; path = panAppTests.swift; sourceTree = "<group>"; };
		9F7BCC8424EB55EA0020961B /* Info.plist */ = {isa = PBXFileReference; lastKnownFileType = text.plist.xml; path = Info.plist; sourceTree = "<group>"; };
		9F7BCC8924EB55EB0020961B /* panAppUITests.xctest */ = {isa = PBXFileReference; explicitFileType = wrapper.cfbundle; includeInIndex = 0; path = panAppUITests.xctest; sourceTree = BUILT_PRODUCTS_DIR; };
		9F7BCC8D24EB55EB0020961B /* panAppUITests.swift */ = {isa = PBXFileReference; lastKnownFileType = sourcecode.swift; path = panAppUITests.swift; sourceTree = "<group>"; };
		9F7BCC8F24EB55EB0020961B /* Info.plist */ = {isa = PBXFileReference; lastKnownFileType = text.plist.xml; path = Info.plist; sourceTree = "<group>"; };
/* End PBXFileReference section */

/* Begin PBXFrameworksBuildPhase section */
		9F7BCC6324EB55E50020961B /* Frameworks */ = {
			isa = PBXFrameworksBuildPhase;
			buildActionMask = 2147483647;
			files = (
			);
			runOnlyForDeploymentPostprocessing = 0;
		};
		9F7BCC7B24EB55EA0020961B /* Frameworks */ = {
			isa = PBXFrameworksBuildPhase;
			buildActionMask = 2147483647;
			files = (
			);
			runOnlyForDeploymentPostprocessing = 0;
		};
		9F7BCC8624EB55EB0020961B /* Frameworks */ = {
			isa = PBXFrameworksBuildPhase;
			buildActionMask = 2147483647;
			files = (
			);
			runOnlyForDeploymentPostprocessing = 0;
		};
/* End PBXFrameworksBuildPhase section */

/* Begin PBXGroup section */
		9F7BCC5D24EB55E50020961B = {
			isa = PBXGroup;
			children = (
				9F7BCC6824EB55E50020961B /* panApp */,
				9F7BCC8124EB55EA0020961B /* panAppTests */,
				9F7BCC8C24EB55EB0020961B /* panAppUITests */,
				9F7BCC6724EB55E50020961B /* Products */,
			);
			sourceTree = "<group>";
		};
		9F7BCC6724EB55E50020961B /* Products */ = {
			isa = PBXGroup;
			children = (
				9F7BCC6624EB55E50020961B /* panApp.app */,
				9F7BCC7E24EB55EA0020961B /* panAppTests.xctest */,
				9F7BCC8924EB55EB0020961B /* panAppUITests.xctest */,
			);
			name = Products;
			sourceTree = "<group>";
		};
		9F7BCC6824EB55E50020961B /* panApp */ = {
			isa = PBXGroup;
			children = (
				9F7BCC6924EB55E50020961B /* AppDelegate.swift */,
				9F7BCC6B24EB55E50020961B /* SceneDelegate.swift */,
				9F7BCC6F24EB55E50020961B /* FirstViewController.swift */,
				9F7BCC6D24EB55E50020961B /* SecondViewController.swift */,
				9F7BCC7124EB55E50020961B /* Main.storyboard */,
				9F4D549B24ECCFFF008449F9 /* ThirdViewController.swift */,
				9F7BCC7424EB55EA0020961B /* Assets.xcassets */,
				9F7BCC7624EB55EA0020961B /* LaunchScreen.storyboard */,
				9F7BCC7924EB55EA0020961B /* Info.plist */,
			);
			path = panApp;
			sourceTree = "<group>";
		};
		9F7BCC8124EB55EA0020961B /* panAppTests */ = {
			isa = PBXGroup;
			children = (
				9F7BCC8224EB55EA0020961B /* panAppTests.swift */,
				9F7BCC8424EB55EA0020961B /* Info.plist */,
			);
			path = panAppTests;
			sourceTree = "<group>";
		};
		9F7BCC8C24EB55EB0020961B /* panAppUITests */ = {
			isa = PBXGroup;
			children = (
				9F7BCC8D24EB55EB0020961B /* panAppUITests.swift */,
				9F7BCC8F24EB55EB0020961B /* Info.plist */,
			);
			path = panAppUITests;
			sourceTree = "<group>";
		};
/* End PBXGroup section */

/* Begin PBXNativeTarget section */
		9F7BCC6524EB55E50020961B /* panApp */ = {
			isa = PBXNativeTarget;
			buildConfigurationList = 9F7BCC9224EB55EB0020961B /* Build configuration list for PBXNativeTarget "panApp" */;
			buildPhases = (
				9F7BCC6224EB55E50020961B /* Sources */,
				9F7BCC6324EB55E50020961B /* Frameworks */,
				9F7BCC6424EB55E50020961B /* Resources */,
			);
			buildRules = (
			);
			dependencies = (
			);
			name = panApp;
			productName = panApp;
			productReference = 9F7BCC6624EB55E50020961B /* panApp.app */;
			productType = "com.apple.product-type.application";
		};
		9F7BCC7D24EB55EA0020961B /* panAppTests */ = {
			isa = PBXNativeTarget;
			buildConfigurationList = 9F7BCC9524EB55EB0020961B /* Build configuration list for PBXNativeTarget "panAppTests" */;
			buildPhases = (
				9F7BCC7A24EB55EA0020961B /* Sources */,
				9F7BCC7B24EB55EA0020961B /* Frameworks */,
				9F7BCC7C24EB55EA0020961B /* Resources */,
			);
			buildRules = (
			);
			dependencies = (
				9F7BCC8024EB55EA0020961B /* PBXTargetDependency */,
			);
			name = panAppTests;
			productName = panAppTests;
			productReference = 9F7BCC7E24EB55EA0020961B /* panAppTests.xctest */;
			productType = "com.apple.product-type.bundle.unit-test";
		};
		9F7BCC8824EB55EB0020961B /* panAppUITests */ = {
			isa = PBXNativeTarget;
			buildConfigurationList = 9F7BCC9824EB55EB0020961B /* Build configuration list for PBXNativeTarget "panAppUITests" */;
			buildPhases = (
				9F7BCC8524EB55EB0020961B /* Sources */,
				9F7BCC8624EB55EB0020961B /* Frameworks */,
				9F7BCC8724EB55EB0020961B /* Resources */,
			);
			buildRules = (
			);
			dependencies = (
				9F7BCC8B24EB55EB0020961B /* PBXTargetDependency */,
			);
			name = panAppUITests;
			productName = panAppUITests;
			productReference = 9F7BCC8924EB55EB0020961B /* panAppUITests.xctest */;
			productType = "com.apple.product-type.bundle.ui-testing";
		};
/* End PBXNativeTarget section */

/* Begin PBXProject section */
		9F7BCC5E24EB55E50020961B /* Project object */ = {
			isa = PBXProject;
			attributes = {
				LastSwiftUpdateCheck = 1160;
				LastUpgradeCheck = 1160;
				ORGANIZATIONNAME = smd;
				TargetAttributes = {
					9F7BCC6524EB55E50020961B = {
						CreatedOnToolsVersion = 11.6;
					};
					9F7BCC7D24EB55EA0020961B = {
						CreatedOnToolsVersion = 11.6;
						TestTargetID = 9F7BCC6524EB55E50020961B;
					};
					9F7BCC8824EB55EB0020961B = {
						CreatedOnToolsVersion = 11.6;
						TestTargetID = 9F7BCC6524EB55E50020961B;
					};
				};
			};
			buildConfigurationList = 9F7BCC6124EB55E50020961B /* Build configuration list for PBXProject "panApp" */;
			compatibilityVersion = "Xcode 9.3";
			developmentRegion = en;
			hasScannedForEncodings = 0;
			knownRegions = (
				en,
				Base,
			);
			mainGroup = 9F7BCC5D24EB55E50020961B;
			productRefGroup = 9F7BCC6724EB55E50020961B /* Products */;
			projectDirPath = "";
			projectRoot = "";
			targets = (
				9F7BCC6524EB55E50020961B /* panApp */,
				9F7BCC7D24EB55EA0020961B /* panAppTests */,
				9F7BCC8824EB55EB0020961B /* panAppUITests */,
			);
		};
/* End PBXProject section */

/* Begin PBXResourcesBuildPhase section */
		9F7BCC6424EB55E50020961B /* Resources */ = {
			isa = PBXResourcesBuildPhase;
			buildActionMask = 2147483647;
			files = (
				9F7BCC7824EB55EA0020961B /* LaunchScreen.storyboard in Resources */,
				9F7BCC7524EB55EA0020961B /* Assets.xcassets in Resources */,
				9F7BCC7324EB55E50020961B /* Main.storyboard in Resources */,
			);
			runOnlyForDeploymentPostprocessing = 0;
		};
		9F7BCC7C24EB55EA0020961B /* Resources */ = {
			isa = PBXResourcesBuildPhase;
			buildActionMask = 2147483647;
			files = (
			);
			runOnlyForDeploymentPostprocessing = 0;
		};
		9F7BCC8724EB55EB0020961B /* Resources */ = {
			isa = PBXResourcesBuildPhase;
			buildActionMask = 2147483647;
			files = (
			);
			runOnlyForDeploymentPostprocessing = 0;
		};
/* End PBXResourcesBuildPhase section */

/* Begin PBXSourcesBuildPhase section */
		9F7BCC6224EB55E50020961B /* Sources */ = {
			isa = PBXSourcesBuildPhase;
			buildActionMask = 2147483647;
			files = (
				9F7BCC7024EB55E50020961B /* FirstViewController.swift in Sources */,
				9F7BCC6E24EB55E50020961B /* SecondViewController.swift in Sources */,
				9F4D549C24ECCFFF008449F9 /* ThirdViewController.swift in Sources */,
				9F7BCC6A24EB55E50020961B /* AppDelegate.swift in Sources */,
				9F7BCC6C24EB55E50020961B /* SceneDelegate.swift in Sources */,
			);
			runOnlyForDeploymentPostprocessing = 0;
		};
		9F7BCC7A24EB55EA0020961B /* Sources */ = {
			isa = PBXSourcesBuildPhase;
			buildActionMask = 2147483647;
			files = (
				9F7BCC8324EB55EA0020961B /* panAppTests.swift in Sources */,
			);
			runOnlyForDeploymentPostprocessing = 0;
		};
		9F7BCC8524EB55EB0020961B /* Sources */ = {
			isa = PBXSourcesBuildPhase;
			buildActionMask = 2147483647;
			files = (
				9F7BCC8E24EB55EB0020961B /* panAppUITests.swift in Sources */,
			);
			runOnlyForDeploymentPostprocessing = 0;
		};
/* End PBXSourcesBuildPhase section */

/* Begin PBXTargetDependency section */
		9F7BCC8024EB55EA0020961B /* PBXTargetDependency */ = {
			isa = PBXTargetDependency;
			target = 9F7BCC6524EB55E50020961B /* panApp */;
			targetProxy = 9F7BCC7F24EB55EA0020961B /* PBXContainerItemProxy */;
		};
		9F7BCC8B24EB55EB0020961B /* PBXTargetDependency */ = {
			isa = PBXTargetDependency;
			target = 9F7BCC6524EB55E50020961B /* panApp */;
			targetProxy = 9F7BCC8A24EB55EB0020961B /* PBXContainerItemProxy */;
		};
/* End PBXTargetDependency section */

/* Begin PBXVariantGroup section */
		9F7BCC7124EB55E50020961B /* Main.storyboard */ = {
			isa = PBXVariantGroup;
			children = (
				9F7BCC7224EB55E50020961B /* Base */,
			);
			name = Main.storyboard;
			sourceTree = "<group>";
		};
		9F7BCC7624EB55EA0020961B /* LaunchScreen.storyboard */ = {
			isa = PBXVariantGroup;
			children = (
				9F7BCC7724EB55EA0020961B /* Base */,
			);
			name = LaunchScreen.storyboard;
			sourceTree = "<group>";
		};
/* End PBXVariantGroup section */

/* Begin XCBuildConfiguration section */
		9F7BCC9024EB55EB0020961B /* Debug */ = {
			isa = XCBuildConfiguration;
			buildSettings = {
				ALWAYS_SEARCH_USER_PATHS = NO;
				CLANG_ANALYZER_NONNULL = YES;
				CLANG_ANALYZER_NUMBER_OBJECT_CONVERSION = YES_AGGRESSIVE;
				CLANG_CXX_LANGUAGE_STANDARD = "gnu++14";
				CLANG_CXX_LIBRARY = "libc++";
				CLANG_ENABLE_MODULES = YES;
				CLANG_ENABLE_OBJC_ARC = YES;
				CLANG_ENABLE_OBJC_WEAK = YES;
				CLANG_WARN_BLOCK_CAPTURE_AUTORELEASING = YES;
				CLANG_WARN_BOOL_CONVERSION = YES;
				CLANG_WARN_COMMA = YES;
				CLANG_WARN_CONSTANT_CONVERSION = YES;
				CLANG_WARN_DEPRECATED_OBJC_IMPLEMENTATIONS = YES;
				CLANG_WARN_DIRECT_OBJC_ISA_USAGE = YES_ERROR;
				CLANG_WARN_DOCUMENTATION_COMMENTS = YES;
				CLANG_WARN_EMPTY_BODY = YES;
				CLANG_WARN_ENUM_CONVERSION = YES;
				CLANG_WARN_INFINITE_RECURSION = YES;
				CLANG_WARN_INT_CONVERSION = YES;
				CLANG_WARN_NON_LITERAL_NULL_CONVERSION = YES;
				CLANG_WARN_OBJC_IMPLICIT_RETAIN_SELF = YES;
				CLANG_WARN_OBJC_LITERAL_CONVERSION = YES;
				CLANG_WARN_OBJC_ROOT_CLASS = YES_ERROR;
				CLANG_WARN_RANGE_LOOP_ANALYSIS = YES;
				CLANG_WARN_STRICT_PROTOTYPES = YES;
				CLANG_WARN_SUSPICIOUS_MOVE = YES;
				CLANG_WARN_UNGUARDED_AVAILABILITY = YES_AGGRESSIVE;
				CLANG_WARN_UNREACHABLE_CODE = YES;
				CLANG_WARN__DUPLICATE_METHOD_MATCH = YES;
				COPY_PHASE_STRIP = NO;
				DEBUG_INFORMATION_FORMAT = dwarf;
				ENABLE_STRICT_OBJC_MSGSEND = YES;
				ENABLE_TESTABILITY = YES;
				GCC_C_LANGUAGE_STANDARD = gnu11;
				GCC_DYNAMIC_NO_PIC = NO;
				GCC_NO_COMMON_BLOCKS = YES;
				GCC_OPTIMIZATION_LEVEL = 0;
				GCC_PREPROCESSOR_DEFINITIONS = (
					"DEBUG=1",
					"$(inherited)",
				);
				GCC_WARN_64_TO_32_BIT_CONVERSION = YES;
				GCC_WARN_ABOUT_RETURN_TYPE = YES_ERROR;
				GCC_WARN_UNDECLARED_SELECTOR = YES;
				GCC_WARN_UNINITIALIZED_AUTOS = YES_AGGRESSIVE;
				GCC_WARN_UNUSED_FUNCTION = YES;
				GCC_WARN_UNUSED_VARIABLE = YES;
				IPHONEOS_DEPLOYMENT_TARGET = 13.6;
				MTL_ENABLE_DEBUG_INFO = INCLUDE_SOURCE;
				MTL_FAST_MATH = YES;
				ONLY_ACTIVE_ARCH = YES;
				SDKROOT = iphoneos;
				SWIFT_ACTIVE_COMPILATION_CONDITIONS = DEBUG;
				SWIFT_OPTIMIZATION_LEVEL = "-Onone";
			};
			name = Debug;
		};
		9F7BCC9124EB55EB0020961B /* Release */ = {
			isa = XCBuildConfiguration;
			buildSettings = {
				ALWAYS_SEARCH_USER_PATHS = NO;
				CLANG_ANALYZER_NONNULL = YES;
				CLANG_ANALYZER_NUMBER_OBJECT_CONVERSION = YES_AGGRESSIVE;
				CLANG_CXX_LANGUAGE_STANDARD = "gnu++14";
				CLANG_CXX_LIBRARY = "libc++";
				CLANG_ENABLE_MODULES = YES;
				CLANG_ENABLE_OBJC_ARC = YES;
				CLANG_ENABLE_OBJC_WEAK = YES;
				CLANG_WARN_BLOCK_CAPTURE_AUTORELEASING = YES;
				CLANG_WARN_BOOL_CONVERSION = YES;
				CLANG_WARN_COMMA = YES;
				CLANG_WARN_CONSTANT_CONVERSION = YES;
				CLANG_WARN_DEPRECATED_OBJC_IMPLEMENTATIONS = YES;
				CLANG_WARN_DIRECT_OBJC_ISA_USAGE = YES_ERROR;
				CLANG_WARN_DOCUMENTATION_COMMENTS = YES;
				CLANG_WARN_EMPTY_BODY = YES;
				CLANG_WARN_ENUM_CONVERSION = YES;
				CLANG_WARN_INFINITE_RECURSION = YES;
				CLANG_WARN_INT_CONVERSION = YES;
				CLANG_WARN_NON_LITERAL_NULL_CONVERSION = YES;
				CLANG_WARN_OBJC_IMPLICIT_RETAIN_SELF = YES;
				CLANG_WARN_OBJC_LITERAL_CONVERSION = YES;
				CLANG_WARN_OBJC_ROOT_CLASS = YES_ERROR;
				CLANG_WARN_RANGE_LOOP_ANALYSIS = YES;
				CLANG_WARN_STRICT_PROTOTYPES = YES;
				CLANG_WARN_SUSPICIOUS_MOVE = YES;
				CLANG_WARN_UNGUARDED_AVAILABILITY = YES_AGGRESSIVE;
				CLANG_WARN_UNREACHABLE_CODE = YES;
				CLANG_WARN__DUPLICATE_METHOD_MATCH = YES;
				COPY_PHASE_STRIP = NO;
				DEBUG_INFORMATION_FORMAT = "dwarf-with-dsym";
				ENABLE_NS_ASSERTIONS = NO;
				ENABLE_STRICT_OBJC_MSGSEND = YES;
				GCC_C_LANGUAGE_STANDARD = gnu11;
				GCC_NO_COMMON_BLOCKS = YES;
				GCC_WARN_64_TO_32_BIT_CONVERSION = YES;
				GCC_WARN_ABOUT_RETURN_TYPE = YES_ERROR;
				GCC_WARN_UNDECLARED_SELECTOR = YES;
				GCC_WARN_UNINITIALIZED_AUTOS = YES_AGGRESSIVE;
				GCC_WARN_UNUSED_FUNCTION = YES;
				GCC_WARN_UNUSED_VARIABLE = YES;
				IPHONEOS_DEPLOYMENT_TARGET = 13.6;
				MTL_ENABLE_DEBUG_INFO = NO;
				MTL_FAST_MATH = YES;
				SDKROOT = iphoneos;
				SWIFT_COMPILATION_MODE = wholemodule;
				SWIFT_OPTIMIZATION_LEVEL = "-O";
				VALIDATE_PRODUCT = YES;
			};
			name = Release;
		};
		9F7BCC9324EB55EB0020961B /* Debug */ = {
			isa = XCBuildConfiguration;
			buildSettings = {
				ASSETCATALOG_COMPILER_APPICON_NAME = AppIcon;
				CODE_SIGN_STYLE = Automatic;
				DEVELOPMENT_TEAM = 9JJA9BGR4U;
				INFOPLIST_FILE = panApp/Info.plist;
				IPHONEOS_DEPLOYMENT_TARGET = 13.5;
				LD_RUNPATH_SEARCH_PATHS = (
					"$(inherited)",
					"@executable_path/Frameworks",
				);
				PRODUCT_BUNDLE_IDENTIFIER = expansionApp01.panApp;
				PRODUCT_NAME = "$(TARGET_NAME)";
				SWIFT_VERSION = 5.0;
				TARGETED_DEVICE_FAMILY = "1,2";
			};
			name = Debug;
		};
		9F7BCC9424EB55EB0020961B /* Release */ = {
			isa = XCBuildConfiguration;
			buildSettings = {
				ASSETCATALOG_COMPILER_APPICON_NAME = AppIcon;
				CODE_SIGN_STYLE = Automatic;
				DEVELOPMENT_TEAM = 9JJA9BGR4U;
				INFOPLIST_FILE = panApp/Info.plist;
				IPHONEOS_DEPLOYMENT_TARGET = 13.5;
				LD_RUNPATH_SEARCH_PATHS = (
					"$(inherited)",
					"@executable_path/Frameworks",
				);
				PRODUCT_BUNDLE_IDENTIFIER = expansionApp01.panApp;
				PRODUCT_NAME = "$(TARGET_NAME)";
				SWIFT_VERSION = 5.0;
				TARGETED_DEVICE_FAMILY = "1,2";
			};
			name = Release;
		};
		9F7BCC9624EB55EB0020961B /* Debug */ = {
			isa = XCBuildConfiguration;
			buildSettings = {
				ALWAYS_EMBED_SWIFT_STANDARD_LIBRARIES = YES;
				BUNDLE_LOADER = "$(TEST_HOST)";
				CODE_SIGN_STYLE = Automatic;
				DEVELOPMENT_TEAM = 9JJA9BGR4U;
				INFOPLIST_FILE = panAppTests/Info.plist;
				IPHONEOS_DEPLOYMENT_TARGET = 13.6;
				LD_RUNPATH_SEARCH_PATHS = (
					"$(inherited)",
					"@executable_path/Frameworks",
					"@loader_path/Frameworks",
				);
				PRODUCT_BUNDLE_IDENTIFIER = expansionApp01.panAppTests;
				PRODUCT_NAME = "$(TARGET_NAME)";
				SWIFT_VERSION = 5.0;
				TARGETED_DEVICE_FAMILY = "1,2";
				TEST_HOST = "$(BUILT_PRODUCTS_DIR)/panApp.app/panApp";
			};
			name = Debug;
		};
		9F7BCC9724EB55EB0020961B /* Release */ = {
			isa = XCBuildConfiguration;
			buildSettings = {
				ALWAYS_EMBED_SWIFT_STANDARD_LIBRARIES = YES;
				BUNDLE_LOADER = "$(TEST_HOST)";
				CODE_SIGN_STYLE = Automatic;
				DEVELOPMENT_TEAM = 9JJA9BGR4U;
				INFOPLIST_FILE = panAppTests/Info.plist;
				IPHONEOS_DEPLOYMENT_TARGET = 13.6;
				LD_RUNPATH_SEARCH_PATHS = (
					"$(inherited)",
					"@executable_path/Frameworks",
					"@loader_path/Frameworks",
				);
				PRODUCT_BUNDLE_IDENTIFIER = expansionApp01.panAppTests;
				PRODUCT_NAME = "$(TARGET_NAME)";
				SWIFT_VERSION = 5.0;
				TARGETED_DEVICE_FAMILY = "1,2";
				TEST_HOST = "$(BUILT_PRODUCTS_DIR)/panApp.app/panApp";
			};
			name = Release;
		};
		9F7BCC9924EB55EB0020961B /* Debug */ = {
			isa = XCBuildConfiguration;
			buildSettings = {
				ALWAYS_EMBED_SWIFT_STANDARD_LIBRARIES = YES;
				CODE_SIGN_STYLE = Automatic;
				DEVELOPMENT_TEAM = 9JJA9BGR4U;
				INFOPLIST_FILE = panAppUITests/Info.plist;
				LD_RUNPATH_SEARCH_PATHS = (
					"$(inherited)",
					"@executable_path/Frameworks",
					"@loader_path/Frameworks",
				);
				PRODUCT_BUNDLE_IDENTIFIER = expansionApp01.panAppUITests;
				PRODUCT_NAME = "$(TARGET_NAME)";
				SWIFT_VERSION = 5.0;
				TARGETED_DEVICE_FAMILY = "1,2";
				TEST_TARGET_NAME = panApp;
			};
			name = Debug;
		};
		9F7BCC9A24EB55EB0020961B /* Release */ = {
			isa = XCBuildConfiguration;
			buildSettings = {
				ALWAYS_EMBED_SWIFT_STANDARD_LIBRARIES = YES;
				CODE_SIGN_STYLE = Automatic;
				DEVELOPMENT_TEAM = 9JJA9BGR4U;
				INFOPLIST_FILE = panAppUITests/Info.plist;
				LD_RUNPATH_SEARCH_PATHS = (
					"$(inherited)",
					"@executable_path/Frameworks",
					"@loader_path/Frameworks",
				);
				PRODUCT_BUNDLE_IDENTIFIER = expansionApp01.panAppUITests;
				PRODUCT_NAME = "$(TARGET_NAME)";
				SWIFT_VERSION = 5.0;
				TARGETED_DEVICE_FAMILY = "1,2";
				TEST_TARGET_NAME = panApp;
			};
			name = Release;
		};
/* End XCBuildConfiguration section */

/* Begin XCConfigurationList section */
		9F7BCC6124EB55E50020961B /* Build configuration list for PBXProject "panApp" */ = {
			isa = XCConfigurationList;
			buildConfigurations = (
				9F7BCC9024EB55EB0020961B /* Debug */,
				9F7BCC9124EB55EB0020961B /* Release */,
			);
			defaultConfigurationIsVisible = 0;
			defaultConfigurationName = Release;
		};
		9F7BCC9224EB55EB0020961B /* Build configuration list for PBXNativeTarget "panApp" */ = {
			isa = XCConfigurationList;
			buildConfigurations = (
				9F7BCC9324EB55EB0020961B /* Debug */,
				9F7BCC9424EB55EB0020961B /* Release */,
			);
			defaultConfigurationIsVisible = 0;
			defaultConfigurationName = Release;
		};
		9F7BCC9524EB55EB0020961B /* Build configuration list for PBXNativeTarget "panAppTests" */ = {
			isa = XCConfigurationList;
			buildConfigurations = (
				9F7BCC9624EB55EB0020961B /* Debug */,
				9F7BCC9724EB55EB0020961B /* Release */,
			);
			defaultConfigurationIsVisible = 0;
			defaultConfigurationName = Release;
		};
		9F7BCC9824EB55EB0020961B /* Build configuration list for PBXNativeTarget "panAppUITests" */ = {
			isa = XCConfigurationList;
			buildConfigurations = (
				9F7BCC9924EB55EB0020961B /* Debug */,
				9F7BCC9A24EB55EB0020961B /* Release */,
			);
			defaultConfigurationIsVisible = 0;
			defaultConfigurationName = Release;
		};
/* End XCConfigurationList section */
	};
	rootObject = 9F7BCC5E24EB55E50020961B /* Project object */;
}
